
Microsoft Visual Studio Solution File, Format Version 12.00
# Visual Studio 15
VisualStudioVersion = 15.0.27703.2035
MinimumVisualStudioVersion = 10.0.40219.1
Project("{FAE04EC0-301F-11D3-BF4B-00C04F79EFBC}") = "SegundoParcial", "SegundoParcial\SegundoParcial.csproj", "{0DC3209A-34FB-4934-B407-21087E5E43A8}"
EndProject
Global
	GlobalSection(SolutionConfigurationPlatforms) = preSolution
		Debug|Any CPU = Debug|Any CPU
		Release|Any CPU = Release|Any CPU
	EndGlobalSection
	GlobalSection(ProjectConfigurationPlatforms) = postSolution
		{0DC3209A-34FB-4934-B407-21087E5E43A8}.Debug|Any CPU.ActiveCfg = Debug|Any CPU
		{0DC3209A-34FB-4934-B407-21087E5E43A8}.Debug|Any CPU.Build.0 = Debug|Any CPU
		{0DC3209A-34FB-4934-B407-21087E5E43A8}.Release|Any CPU.ActiveCfg = Release|Any CPU
		{0DC3209A-34FB-4934-B407-21087E5E43A8}.Release|Any CPU.Build.0 = Release|Any CPU
	EndGlobalSection
	GlobalSection(SolutionProperties) = preSolution
		HideSolutionNode = FALSE
	EndGlobalSection
	GlobalSection(ExtensibilityGlobals) = postSolution
		SolutionGuid = {FEF35E8D-5422-4A43-A6ED-C56CE527F738}
	EndGlobalSection
EndGlobal
